
Microsoft Visual Studio Solution File, Format Version 12.00
# Visual Studio Version 16
VisualStudioVersion = 16.0.31729.503
MinimumVisualStudioVersion = 10.0.40219.1
Project("{9A19103F-16F7-4668-BE54-9A1E7A4F7556}") = "FileProcessor.Api", "FileProcessor.Api\FileProcessor.Api.csproj", "{2D671D74-46BC-4C53-BC59-E0401CB923D1}"
EndProject
Project("{E53339B2-1760-4266-BCC7-CA923CBCF16C}") = "docker-compose", "docker-compose.dcproj", "{6C065ED5-286C-4117-9DCD-880E965E5370}"
EndProject
Project("{FAE04EC0-301F-11D3-BF4B-00C04F79EFBC}") = "FileProcessor.Services", "FileProcessor.Services\FileProcessor.Services.csproj", "{6859F2CA-ADD8-464A-9F58-61E044146C88}"
EndProject
Global
	GlobalSection(SolutionConfigurationPlatforms) = preSolution
		Debug|Any CPU = Debug|Any CPU
		Release|Any CPU = Release|Any CPU
	EndGlobalSection
	GlobalSection(ProjectConfigurationPlatforms) = postSolution
		{2D671D74-46BC-4C53-BC59-E0401CB923D1}.Debug|Any CPU.ActiveCfg = Debug|Any CPU
		{2D671D74-46BC-4C53-BC59-E0401CB923D1}.Debug|Any CPU.Build.0 = Debug|Any CPU
		{2D671D74-46BC-4C53-BC59-E0401CB923D1}.Release|Any CPU.ActiveCfg = Release|Any CPU
		{2D671D74-46BC-4C53-BC59-E0401CB923D1}.Release|Any CPU.Build.0 = Release|Any CPU
		{6C065ED5-286C-4117-9DCD-880E965E5370}.Debug|Any CPU.ActiveCfg = Debug|Any CPU
		{6C065ED5-286C-4117-9DCD-880E965E5370}.Debug|Any CPU.Build.0 = Debug|Any CPU
		{6C065ED5-286C-4117-9DCD-880E965E5370}.Release|Any CPU.ActiveCfg = Release|Any CPU
		{6C065ED5-286C-4117-9DCD-880E965E5370}.Release|Any CPU.Build.0 = Release|Any CPU
		{6859F2CA-ADD8-464A-9F58-61E044146C88}.Debug|Any CPU.ActiveCfg = Debug|Any CPU
		{6859F2CA-ADD8-464A-9F58-61E044146C88}.Debug|Any CPU.Build.0 = Debug|Any CPU
		{6859F2CA-ADD8-464A-9F58-61E044146C88}.Release|Any CPU.ActiveCfg = Release|Any CPU
		{6859F2CA-ADD8-464A-9F58-61E044146C88}.Release|Any CPU.Build.0 = Release|Any CPU
	EndGlobalSection
	GlobalSection(SolutionProperties) = preSolution
		HideSolutionNode = FALSE
	EndGlobalSection
	GlobalSection(ExtensibilityGlobals) = postSolution
		SolutionGuid = {E8438CD4-CE41-4B36-A82E-FBA4D606FE73}
	EndGlobalSection
EndGlobal
